
Microsoft Visual Studio Solution File, Format Version 12.00
# Visual Studio Version 16
VisualStudioVersion = 16.0.30128.74
MinimumVisualStudioVersion = 10.0.40219.1
Project("{FAE04EC0-301F-11D3-BF4B-00C04F79EFBC}") = "Gestion De Cafeteria", "Gestion De Cafeteria\Gestion De Cafeteria.csproj", "{807C4E75-7067-4B8F-ADCB-02D61E12310C}"
EndProject
Global
	GlobalSection(SolutionConfigurationPlatforms) = preSolution
		Debug|Any CPU = Debug|Any CPU
		Release|Any CPU = Release|Any CPU
	EndGlobalSection
	GlobalSection(ProjectConfigurationPlatforms) = postSolution
		{807C4E75-7067-4B8F-ADCB-02D61E12310C}.Debug|Any CPU.ActiveCfg = Debug|Any CPU
		{807C4E75-7067-4B8F-ADCB-02D61E12310C}.Debug|Any CPU.Build.0 = Debug|Any CPU
		{807C4E75-7067-4B8F-ADCB-02D61E12310C}.Release|Any CPU.ActiveCfg = Release|Any CPU
		{807C4E75-7067-4B8F-ADCB-02D61E12310C}.Release|Any CPU.Build.0 = Release|Any CPU
	EndGlobalSection
	GlobalSection(SolutionProperties) = preSolution
		HideSolutionNode = FALSE
	EndGlobalSection
	GlobalSection(ExtensibilityGlobals) = postSolution
		SolutionGuid = {47D53D3B-E951-414E-9339-DE56FDA328FE}
	EndGlobalSection
EndGlobal
